
Microsoft Visual Studio Solution File, Format Version 10.00
# Visual Studio 2008
Project("{FAE04EC0-301F-11D3-BF4B-00C04F79EFBC}") = "LogCollector", "LogCollector\LogCollector.csproj", "{0DF0C3B8-ABD6-4F48-83DD-8996902DA7A2}"
EndProject
Project("{FAE04EC0-301F-11D3-BF4B-00C04F79EFBC}") = "Persistence", "LogPersistence\Persistence.csproj", "{35C3B344-5099-48B1-8F97-D8B209B67715}"
EndProject
Project("{FAE04EC0-301F-11D3-BF4B-00C04F79EFBC}") = "LogWatcher", "LogWatcher\LogWatcher.csproj", "{B32CAC83-24B7-4C6C-998C-2655928F53AE}"
EndProject
Project("{FAE04EC0-301F-11D3-BF4B-00C04F79EFBC}") = "SandBox", "Requestor\SandBox.csproj", "{186255C2-820E-47B1-BE6D-7EA5678C50BA}"
EndProject
Project("{FAE04EC0-301F-11D3-BF4B-00C04F79EFBC}") = "Mongo2Mysql", "Mongo2Mysql\Mongo2Mysql.csproj", "{86A59FBA-34A3-4CA8-BA1F-3A4790B36A02}"
EndProject
Global
	GlobalSection(SolutionConfigurationPlatforms) = preSolution
		Debug|Any CPU = Debug|Any CPU
		Release|Any CPU = Release|Any CPU
	EndGlobalSection
	GlobalSection(ProjectConfigurationPlatforms) = postSolution
		{0DF0C3B8-ABD6-4F48-83DD-8996902DA7A2}.Debug|Any CPU.ActiveCfg = Debug|Any CPU
		{0DF0C3B8-ABD6-4F48-83DD-8996902DA7A2}.Debug|Any CPU.Build.0 = Debug|Any CPU
		{0DF0C3B8-ABD6-4F48-83DD-8996902DA7A2}.Release|Any CPU.ActiveCfg = Release|Any CPU
		{0DF0C3B8-ABD6-4F48-83DD-8996902DA7A2}.Release|Any CPU.Build.0 = Release|Any CPU
		{35C3B344-5099-48B1-8F97-D8B209B67715}.Debug|Any CPU.ActiveCfg = Debug|Any CPU
		{35C3B344-5099-48B1-8F97-D8B209B67715}.Debug|Any CPU.Build.0 = Debug|Any CPU
		{35C3B344-5099-48B1-8F97-D8B209B67715}.Release|Any CPU.ActiveCfg = Release|Any CPU
		{35C3B344-5099-48B1-8F97-D8B209B67715}.Release|Any CPU.Build.0 = Release|Any CPU
		{B32CAC83-24B7-4C6C-998C-2655928F53AE}.Debug|Any CPU.ActiveCfg = Debug|Any CPU
		{B32CAC83-24B7-4C6C-998C-2655928F53AE}.Debug|Any CPU.Build.0 = Debug|Any CPU
		{B32CAC83-24B7-4C6C-998C-2655928F53AE}.Release|Any CPU.ActiveCfg = Release|Any CPU
		{B32CAC83-24B7-4C6C-998C-2655928F53AE}.Release|Any CPU.Build.0 = Release|Any CPU
		{186255C2-820E-47B1-BE6D-7EA5678C50BA}.Debug|Any CPU.ActiveCfg = Debug|Any CPU
		{186255C2-820E-47B1-BE6D-7EA5678C50BA}.Debug|Any CPU.Build.0 = Debug|Any CPU
		{186255C2-820E-47B1-BE6D-7EA5678C50BA}.Release|Any CPU.ActiveCfg = Release|Any CPU
		{186255C2-820E-47B1-BE6D-7EA5678C50BA}.Release|Any CPU.Build.0 = Release|Any CPU
		{86A59FBA-34A3-4CA8-BA1F-3A4790B36A02}.Debug|Any CPU.ActiveCfg = Debug|Any CPU
		{86A59FBA-34A3-4CA8-BA1F-3A4790B36A02}.Debug|Any CPU.Build.0 = Debug|Any CPU
		{86A59FBA-34A3-4CA8-BA1F-3A4790B36A02}.Release|Any CPU.ActiveCfg = Release|Any CPU
		{86A59FBA-34A3-4CA8-BA1F-3A4790B36A02}.Release|Any CPU.Build.0 = Release|Any CPU
	EndGlobalSection
	GlobalSection(SolutionProperties) = preSolution
		HideSolutionNode = FALSE
	EndGlobalSection
EndGlobal
